{
  "name": "notex",
  "version": "3.0.4",
  "lockfileVersion": 1,
  "requires": true,
  "dependencies": {
    "@types/bootstrap": {
      "version": "3.3.42",
      "resolved": "https://registry.npmjs.org/@types/bootstrap/-/bootstrap-3.3.42.tgz",
      "integrity": "sha512-ERkg6+Doymm2Uv/+jvqgxmoDLr6vz7wThaS2523QoY/tcTuw7HKrF5v06u2Ga3nEu0+iVTnNk7HLIzgm6ZZh8A==",
      "dev": true,
      "requires": {
        "@types/jquery": "*"
      }
    },
    "@types/codemirror": {
      "version": "0.0.69",
      "resolved": "https://registry.npmjs.org/@types/codemirror/-/codemirror-0.0.69.tgz",
      "integrity": "sha512-NtAjeJ5vqEry4w/UtKrpbPf/yViBCGB0MYTKk8/GKEEBEc8p592dg28UzDBFtUpw1+F002crt15w5hZo0zHgFw==",
      "dev": true
    },
    "@types/iscroll": {
      "version": "5.2.2",
      "resolved": "https://registry.npmjs.org/@types/iscroll/-/iscroll-5.2.2.tgz",
      "integrity": "sha512-+hl4De73nh86YxTr5peE5Bkiu87Dar1oTDgkhMQ63Lc9+p7pVGw2+SSD1VEz6EQGLC/36Xj7kHx3NhvK2YfopQ==",
      "dev": true
    },
    "@types/jquery": {
      "version": "2.0.53",
      "resolved": "https://registry.npmjs.org/@types/jquery/-/jquery-2.0.53.tgz",
      "integrity": "sha512-MZKPWUhp5TKkoJ/58NSq6io+CSUCOHm2b3Z6U4+r9v70kktB0JM+eRjdp6YmDHtw0kK2XB7L2K7/FMIoziHjUA==",
      "dev": true
    },
    "@types/mathjax": {
      "version": "0.0.35",
      "resolved": "https://registry.npmjs.org/@types/mathjax/-/mathjax-0.0.35.tgz",
      "integrity": "sha512-flo9bVJE2Lzv3X5NQXVhNhv7srqk//Ngr8MT+/jRErkWGYkk8EBm42J5W0XUH6p4nWF1iLGe+atSuIkR5wA2yw==",
      "dev": true
    },
    "@types/node": {
      "version": "11.11.3",
      "resolved": "https://registry.npmjs.org/@types/node/-/node-11.11.3.tgz",
      "integrity": "sha512-wp6IOGu1lxsfnrD+5mX6qwSwWuqsdkKKxTN4aQc4wByHAKZJf9/D4KXPQ1POUjEbnCP5LMggB0OEFNY9OTsMqg==",
      "dev": true
    },
    "argparse": {
      "version": "1.0.10",
      "resolved": "https://registry.npmjs.org/argparse/-/argparse-1.0.10.tgz",
      "integrity": "sha512-o5Roy6tNG4SL/FOkCAN6RzjiakZS25RLYFrcMttJqbdd8BWrnA+fGz57iN5Pb06pvBGvl5gQ0B48dJlslXvoTg==",
      "requires": {
        "sprintf-js": "~1.0.2"
      }
    },
    "ascii2mathml": {
      "version": "0.6.2",
      "resolved": "https://registry.npmjs.org/ascii2mathml/-/ascii2mathml-0.6.2.tgz",
      "integrity": "sha512-tkPONh2Y7ZpuGQw6AiRnExX/CSYf5C2T/rF+UMJq5n0Us7+QjL8VY5ZE16xo9wcXhdqPkl/F7lzEzU9HX0YKng==",
      "optional": true,
      "requires": {
        "minimist": "^1.2.0"
      }
    },
    "entities": {
      "version": "1.1.2",
      "resolved": "https://registry.npmjs.org/entities/-/entities-1.1.2.tgz",
      "integrity": "sha512-f2LZMYl1Fzu7YSBKg+RoROelpOaNrcGmE9AZubeDfrCEia483oW4MI4VyFd5VNHIgQ/7qm1I0wUHK1eJnn2y2w=="
    },
    "linkify-it": {
      "version": "2.1.0",
      "resolved": "https://registry.npmjs.org/linkify-it/-/linkify-it-2.1.0.tgz",
      "integrity": "sha512-4REs8/062kV2DSHxNfq5183zrqXMl7WP0WzABH9IeJI+NLm429FgE1PDecltYfnOoFDFlZGh2T8PfZn0r+GTRg==",
      "requires": {
        "uc.micro": "^1.0.1"
      }
    },
    "markdown-it": {
      "version": "8.4.2",
      "resolved": "https://registry.npmjs.org/markdown-it/-/markdown-it-8.4.2.tgz",
      "integrity": "sha512-GcRz3AWTqSUphY3vsUqQSFMbgR38a4Lh3GWlHRh/7MRwz8mcu9n2IO7HOh+bXHrR9kOPDl5RNCaEsrneb+xhHQ==",
      "requires": {
        "argparse": "^1.0.7",
        "entities": "~1.1.1",
        "linkify-it": "^2.0.0",
        "mdurl": "^1.0.1",
        "uc.micro": "^1.0.5"
      }
    },
    "markdown-it-abbr": {
      "version": "1.0.4",
      "resolved": "https://registry.npmjs.org/markdown-it-abbr/-/markdown-it-abbr-1.0.4.tgz",
      "integrity": "sha1-1mtTZFIcuz3Yqlna37ovtoZcj9g="
    },
    "markdown-it-emoji": {
      "version": "1.4.0",
      "resolved": "https://registry.npmjs.org/markdown-it-emoji/-/markdown-it-emoji-1.4.0.tgz",
      "integrity": "sha1-m+4OmpkKljupbfaYDE/dsF37Tcw="
    },
    "markdown-it-footnote": {
      "version": "3.0.1",
      "resolved": "https://registry.npmjs.org/markdown-it-footnote/-/markdown-it-footnote-3.0.1.tgz",
      "integrity": "sha1-fzcwdHysyG4v4L+KF6cQ80eRUXo="
    },
    "markdown-it-mark": {
      "version": "2.0.0",
      "resolved": "https://registry.npmjs.org/markdown-it-mark/-/markdown-it-mark-2.0.0.tgz",
      "integrity": "sha1-RqGqlHEFrtgYiXjgoBYXnkBPQsc="
    },
    "markdown-it-math": {
      "version": "4.1.1",
      "resolved": "https://registry.npmjs.org/markdown-it-math/-/markdown-it-math-4.1.1.tgz",
      "integrity": "sha512-LQ0hREgMgN4tNcy2PGyw1XypjmKJjc+ZzATMuDIVD/Bagr5SGL198uHleVdiFDrNdXpqVmL4N1KD1GYyftMakQ==",
      "requires": {
        "ascii2mathml": "^0.6.2"
      }
    },
    "mdurl": {
      "version": "1.0.1",
      "resolved": "https://registry.npmjs.org/mdurl/-/mdurl-1.0.1.tgz",
      "integrity": "sha1-/oWy7HWlkDfyrf7BAP1sYBdhFS4="
    },
    "minimist": {
      "version": "1.2.0",
      "resolved": "https://registry.npmjs.org/minimist/-/minimist-1.2.0.tgz",
      "integrity": "sha1-o1AIsg9BOD7sH7kU9M1d95omQoQ=",
      "optional": true
    },
    "snabbdom": {
      "version": "0.7.3",
      "resolved": "https://registry.npmjs.org/snabbdom/-/snabbdom-0.7.3.tgz",
      "integrity": "sha512-XNh90GQiV36hWdfSL46fIVrSSvmBuZlWk3++qaEgBeQWQJCqTphcbjTODPv8/vyZHJaB3VhePsWfGxi/zBxXyw=="
    },
    "sprintf-js": {
      "version": "1.0.3",
      "resolved": "https://registry.npmjs.org/sprintf-js/-/sprintf-js-1.0.3.tgz",
      "integrity": "sha1-BOaSb2YolTVPPdAVIDYzuFcpfiw="
    },
    "typescript": {
      "version": "3.3.3333",
      "resolved": "https://registry.npmjs.org/typescript/-/typescript-3.3.3333.tgz",
      "integrity": "sha512-JjSKsAfuHBE/fB2oZ8NxtRTk5iGcg6hkYXMnZ3Wc+b2RSqejEqTaem11mHASMnFilHrax3sLK0GDzcJrekZYLw=="
    },
    "uc.micro": {
      "version": "1.0.6",
      "resolved": "https://registry.npmjs.org/uc.micro/-/uc.micro-1.0.6.tgz",
      "integrity": "sha512-8Y75pvTYkLJW2hWQHXxoqRgV7qb9B+9vFEtidML+7koHUFapnVJAZ6cKs+Qjz5Aw3aZWHMC6u0wJE3At+nSGwA=="
    }
  }
}
